// !$*UTF8*$!
{
	archiveVersion = 1;
	classes = {
	};
	objectVersion = 56;
	objects = {

/* Begin PBXBuildFile section */
		ECDCBF792A703FDC005310B3 /* AppDelegate.swift in Sources */ = {isa = PBXBuildFile; fileRef = ECDCBF782A703FDC005310B3 /* AppDelegate.swift */; };
		ECDCBF7B2A703FDC005310B3 /* SceneDelegate.swift in Sources */ = {isa = PBXBuildFile; fileRef = ECDCBF7A2A703FDC005310B3 /* SceneDelegate.swift */; };
		ECDCBF802A703FDC005310B3 /* Main.storyboard in Resources */ = {isa = PBXBuildFile; fileRef = ECDCBF7E2A703FDC005310B3 /* Main.storyboard */; };
		ECDCBF822A703FDE005310B3 /* Assets.xcassets in Resources */ = {isa = PBXBuildFile; fileRef = ECDCBF812A703FDE005310B3 /* Assets.xcassets */; };
		ECDCBF852A703FDE005310B3 /* LaunchScreen.storyboard in Resources */ = {isa = PBXBuildFile; fileRef = ECDCBF832A703FDE005310B3 /* LaunchScreen.storyboard */; };
		ECDCBF8F2A70401B005310B3 /* ColorsTableVC.swift in Sources */ = {isa = PBXBuildFile; fileRef = ECDCBF8C2A70401B005310B3 /* ColorsTableVC.swift */; };
		ECDCBF902A70401C005310B3 /* ColorsDetailVC.swift in Sources */ = {isa = PBXBuildFile; fileRef = ECDCBF8D2A70401B005310B3 /* ColorsDetailVC.swift */; };
		ECDCBF912A70401C005310B3 /* UIColor+Ext.swift in Sources */ = {isa = PBXBuildFile; fileRef = ECDCBF8E2A70401B005310B3 /* UIColor+Ext.swift */; };
/* End PBXBuildFile section */

/* Begin PBXFileReference section */
		ECDCBF752A703FDC005310B3 /* ColorGenerator.app */ = {isa = PBXFileReference; explicitFileType = wrapper.application; includeInIndex = 0; path = ColorGenerator.app; sourceTree = BUILT_PRODUCTS_DIR; };
		ECDCBF782A703FDC005310B3 /* AppDelegate.swift */ = {isa = PBXFileReference; lastKnownFileType = sourcecode.swift; path = AppDelegate.swift; sourceTree = "<group>"; };
		ECDCBF7A2A703FDC005310B3 /* SceneDelegate.swift */ = {isa = PBXFileReference; lastKnownFileType = sourcecode.swift; path = SceneDelegate.swift; sourceTree = "<group>"; };
		ECDCBF7F2A703FDC005310B3 /* Base */ = {isa = PBXFileReference; lastKnownFileType = file.storyboard; name = Base; path = Base.lproj/Main.storyboard; sourceTree = "<group>"; };
		ECDCBF812A703FDE005310B3 /* Assets.xcassets */ = {isa = PBXFileReference; lastKnownFileType = folder.assetcatalog; path = Assets.xcassets; sourceTree = "<group>"; };
		ECDCBF842A703FDE005310B3 /* Base */ = {isa = PBXFileReference; lastKnownFileType = file.storyboard; name = Base; path = Base.lproj/LaunchScreen.storyboard; sourceTree = "<group>"; };
		ECDCBF862A703FDE005310B3 /* Info.plist */ = {isa = PBXFileReference; lastKnownFileType = text.plist.xml; path = Info.plist; sourceTree = "<group>"; };
		ECDCBF8C2A70401B005310B3 /* ColorsTableVC.swift */ = {isa = PBXFileReference; fileEncoding = 4; lastKnownFileType = sourcecode.swift; path = ColorsTableVC.swift; sourceTree = "<group>"; };
		ECDCBF8D2A70401B005310B3 /* ColorsDetailVC.swift */ = {isa = PBXFileReference; fileEncoding = 4; lastKnownFileType = sourcecode.swift; path = ColorsDetailVC.swift; sourceTree = "<group>"; };
		ECDCBF8E2A70401B005310B3 /* UIColor+Ext.swift */ = {isa = PBXFileReference; fileEncoding = 4; lastKnownFileType = sourcecode.swift; path = "UIColor+Ext.swift"; sourceTree = "<group>"; };
/* End PBXFileReference section */

/* Begin PBXFrameworksBuildPhase section */
		ECDCBF722A703FDC005310B3 /* Frameworks */ = {
			isa = PBXFrameworksBuildPhase;
			buildActionMask = 2147483647;
			files = (
			);
			runOnlyForDeploymentPostprocessing = 0;
		};
/* End PBXFrameworksBuildPhase section */

/* Begin PBXGroup section */
		ECDCBF6C2A703FDC005310B3 = {
			isa = PBXGroup;
			children = (
				ECDCBF772A703FDC005310B3 /* ColorGenerator */,
				ECDCBF762A703FDC005310B3 /* Products */,
			);
			sourceTree = "<group>";
		};
		ECDCBF762A703FDC005310B3 /* Products */ = {
			isa = PBXGroup;
			children = (
				ECDCBF752A703FDC005310B3 /* ColorGenerator.app */,
			);
			name = Products;
			sourceTree = "<group>";
		};
		ECDCBF772A703FDC005310B3 /* ColorGenerator */ = {
			isa = PBXGroup;
			children = (
				ECDCBF782A703FDC005310B3 /* AppDelegate.swift */,
				ECDCBF7A2A703FDC005310B3 /* SceneDelegate.swift */,
				ECDCBF8D2A70401B005310B3 /* ColorsDetailVC.swift */,
				ECDCBF8C2A70401B005310B3 /* ColorsTableVC.swift */,
				ECDCBF8E2A70401B005310B3 /* UIColor+Ext.swift */,
				ECDCBF7E2A703FDC005310B3 /* Main.storyboard */,
				ECDCBF812A703FDE005310B3 /* Assets.xcassets */,
				ECDCBF832A703FDE005310B3 /* LaunchScreen.storyboard */,
				ECDCBF862A703FDE005310B3 /* Info.plist */,
			);
			path = ColorGenerator;
			sourceTree = "<group>";
		};
/* End PBXGroup section */

/* Begin PBXNativeTarget section */
		ECDCBF742A703FDC005310B3 /* ColorGenerator */ = {
			isa = PBXNativeTarget;
			buildConfigurationList = ECDCBF892A703FDE005310B3 /* Build configuration list for PBXNativeTarget "ColorGenerator" */;
			buildPhases = (
				ECDCBF712A703FDC005310B3 /* Sources */,
				ECDCBF722A703FDC005310B3 /* Frameworks */,
				ECDCBF732A703FDC005310B3 /* Resources */,
			);
			buildRules = (
			);
			dependencies = (
			);
			name = ColorGenerator;
			productName = ColorGenerator;
			productReference = ECDCBF752A703FDC005310B3 /* ColorGenerator.app */;
			productType = "com.apple.product-type.application";
		};
/* End PBXNativeTarget section */

/* Begin PBXProject section */
		ECDCBF6D2A703FDC005310B3 /* Project object */ = {
			isa = PBXProject;
			attributes = {
				BuildIndependentTargetsInParallel = 1;
				LastSwiftUpdateCheck = 1430;
				LastUpgradeCheck = 1430;
				TargetAttributes = {
					ECDCBF742A703FDC005310B3 = {
						CreatedOnToolsVersion = 14.3.1;
					};
				};
			};
			buildConfigurationList = ECDCBF702A703FDC005310B3 /* Build configuration list for PBXProject "ColorGenerator" */;
			compatibilityVersion = "Xcode 14.0";
			developmentRegion = en;
			hasScannedForEncodings = 0;
			knownRegions = (
				en,
				Base,
			);
			mainGroup = ECDCBF6C2A703FDC005310B3;
			productRefGroup = ECDCBF762A703FDC005310B3 /* Products */;
			projectDirPath = "";
			projectRoot = "";
			targets = (
				ECDCBF742A703FDC005310B3 /* ColorGenerator */,
			);
		};
/* End PBXProject section */

/* Begin PBXResourcesBuildPhase section */
		ECDCBF732A703FDC005310B3 /* Resources */ = {
			isa = PBXResourcesBuildPhase;
			buildActionMask = 2147483647;
			files = (
				ECDCBF852A703FDE005310B3 /* LaunchScreen.storyboard in Resources */,
				ECDCBF822A703FDE005310B3 /* Assets.xcassets in Resources */,
				ECDCBF802A703FDC005310B3 /* Main.storyboard in Resources */,
			);
			runOnlyForDeploymentPostprocessing = 0;
		};
/* End PBXResourcesBuildPhase section */

/* Begin PBXSourcesBuildPhase section */
		ECDCBF712A703FDC005310B3 /* Sources */ = {
			isa = PBXSourcesBuildPhase;
			buildActionMask = 2147483647;
			files = (
				ECDCBF8F2A70401B005310B3 /* ColorsTableVC.swift in Sources */,
				ECDCBF902A70401C005310B3 /* ColorsDetailVC.swift in Sources */,
				ECDCBF912A70401C005310B3 /* UIColor+Ext.swift in Sources */,
				ECDCBF792A703FDC005310B3 /* AppDelegate.swift in Sources */,
				ECDCBF7B2A703FDC005310B3 /* SceneDelegate.swift in Sources */,
			);
			runOnlyForDeploymentPostprocessing = 0;
		};
/* End PBXSourcesBuildPhase section */

/* Begin PBXVariantGroup section */
		ECDCBF7E2A703FDC005310B3 /* Main.storyboard */ = {
			isa = PBXVariantGroup;
			children = (
				ECDCBF7F2A703FDC005310B3 /* Base */,
			);
			name = Main.storyboard;
			sourceTree = "<group>";
		};
		ECDCBF832A703FDE005310B3 /* LaunchScreen.storyboard */ = {
			isa = PBXVariantGroup;
			children = (
				ECDCBF842A703FDE005310B3 /* Base */,
			);
			name = LaunchScreen.storyboard;
			sourceTree = "<group>";
		};
/* End PBXVariantGroup section */

/* Begin XCBuildConfiguration section */
		ECDCBF872A703FDE005310B3 /* Debug */ = {
			isa = XCBuildConfiguration;
			buildSettings = {
				ALWAYS_SEARCH_USER_PATHS = NO;
				CLANG_ANALYZER_NONNULL = YES;
				CLANG_ANALYZER_NUMBER_OBJECT_CONVERSION = YES_AGGRESSIVE;
				CLANG_CXX_LANGUAGE_STANDARD = "gnu++20";
				CLANG_ENABLE_MODULES = YES;
				CLANG_ENABLE_OBJC_ARC = YES;
				CLANG_ENABLE_OBJC_WEAK = YES;
				CLANG_WARN_BLOCK_CAPTURE_AUTORELEASING = YES;
				CLANG_WARN_BOOL_CONVERSION = YES;
				CLANG_WARN_COMMA = YES;
				CLANG_WARN_CONSTANT_CONVERSION = YES;
				CLANG_WARN_DEPRECATED_OBJC_IMPLEMENTATIONS = YES;
				CLANG_WARN_DIRECT_OBJC_ISA_USAGE = YES_ERROR;
				CLANG_WARN_DOCUMENTATION_COMMENTS = YES;
				CLANG_WARN_EMPTY_BODY = YES;
				CLANG_WARN_ENUM_CONVERSION = YES;
				CLANG_WARN_INFINITE_RECURSION = YES;
				CLANG_WARN_INT_CONVERSION = YES;
				CLANG_WARN_NON_LITERAL_NULL_CONVERSION = YES;
				CLANG_WARN_OBJC_IMPLICIT_RETAIN_SELF = YES;
				CLANG_WARN_OBJC_LITERAL_CONVERSION = YES;
				CLANG_WARN_OBJC_ROOT_CLASS = YES_ERROR;
				CLANG_WARN_QUOTED_INCLUDE_IN_FRAMEWORK_HEADER = YES;
				CLANG_WARN_RANGE_LOOP_ANALYSIS = YES;
				CLANG_WARN_STRICT_PROTOTYPES = YES;
				CLANG_WARN_SUSPICIOUS_MOVE = YES;
				CLANG_WARN_UNGUARDED_AVAILABILITY = YES_AGGRESSIVE;
				CLANG_WARN_UNREACHABLE_CODE = YES;
				CLANG_WARN__DUPLICATE_METHOD_MATCH = YES;
				COPY_PHASE_STRIP = NO;
				DEBUG_INFORMATION_FORMAT = dwarf;
				ENABLE_STRICT_OBJC_MSGSEND = YES;
				ENABLE_TESTABILITY = YES;
				GCC_C_LANGUAGE_STANDARD = gnu11;
				GCC_DYNAMIC_NO_PIC = NO;
				GCC_NO_COMMON_BLOCKS = YES;
				GCC_OPTIMIZATION_LEVEL = 0;
				GCC_PREPROCESSOR_DEFINITIONS = (
					"DEBUG=1",
					"$(inherited)",
				);
				GCC_WARN_64_TO_32_BIT_CONVERSION = YES;
				GCC_WARN_ABOUT_RETURN_TYPE = YES_ERROR;
				GCC_WARN_UNDECLARED_SELECTOR = YES;
				GCC_WARN_UNINITIALIZED_AUTOS = YES_AGGRESSIVE;
				GCC_WARN_UNUSED_FUNCTION = YES;
				GCC_WARN_UNUSED_VARIABLE = YES;
				IPHONEOS_DEPLOYMENT_TARGET = 16.4;
				MTL_ENABLE_DEBUG_INFO = INCLUDE_SOURCE;
				MTL_FAST_MATH = YES;
				ONLY_ACTIVE_ARCH = YES;
				SDKROOT = iphoneos;
				SWIFT_ACTIVE_COMPILATION_CONDITIONS = DEBUG;
				SWIFT_OPTIMIZATION_LEVEL = "-Onone";
			};
			name = Debug;
		};
		ECDCBF882A703FDE005310B3 /* Release */ = {
			isa = XCBuildConfiguration;
			buildSettings = {
				ALWAYS_SEARCH_USER_PATHS = NO;
				CLANG_ANALYZER_NONNULL = YES;
				CLANG_ANALYZER_NUMBER_OBJECT_CONVERSION = YES_AGGRESSIVE;
				CLANG_CXX_LANGUAGE_STANDARD = "gnu++20";
				CLANG_ENABLE_MODULES = YES;
				CLANG_ENABLE_OBJC_ARC = YES;
				CLANG_ENABLE_OBJC_WEAK = YES;
				CLANG_WARN_BLOCK_CAPTURE_AUTORELEASING = YES;
				CLANG_WARN_BOOL_CONVERSION = YES;
				CLANG_WARN_COMMA = YES;
				CLANG_WARN_CONSTANT_CONVERSION = YES;
				CLANG_WARN_DEPRECATED_OBJC_IMPLEMENTATIONS = YES;
				CLANG_WARN_DIRECT_OBJC_ISA_USAGE = YES_ERROR;
				CLANG_WARN_DOCUMENTATION_COMMENTS = YES;
				CLANG_WARN_EMPTY_BODY = YES;
				CLANG_WARN_ENUM_CONVERSION = YES;
				CLANG_WARN_INFINITE_RECURSION = YES;
				CLANG_WARN_INT_CONVERSION = YES;
				CLANG_WARN_NON_LITERAL_NULL_CONVERSION = YES;
				CLANG_WARN_OBJC_IMPLICIT_RETAIN_SELF = YES;
				CLANG_WARN_OBJC_LITERAL_CONVERSION = YES;
				CLANG_WARN_OBJC_ROOT_CLASS = YES_ERROR;
				CLANG_WARN_QUOTED_INCLUDE_IN_FRAMEWORK_HEADER = YES;
				CLANG_WARN_RANGE_LOOP_ANALYSIS = YES;
				CLANG_WARN_STRICT_PROTOTYPES = YES;
				CLANG_WARN_SUSPICIOUS_MOVE = YES;
				CLANG_WARN_UNGUARDED_AVAILABILITY = YES_AGGRESSIVE;
				CLANG_WARN_UNREACHABLE_CODE = YES;
				CLANG_WARN__DUPLICATE_METHOD_MATCH = YES;
				COPY_PHASE_STRIP = NO;
				DEBUG_INFORMATION_FORMAT = "dwarf-with-dsym";
				ENABLE_NS_ASSERTIONS = NO;
				ENABLE_STRICT_OBJC_MSGSEND = YES;
				GCC_C_LANGUAGE_STANDARD = gnu11;
				GCC_NO_COMMON_BLOCKS = YES;
				GCC_WARN_64_TO_32_BIT_CONVERSION = YES;
				GCC_WARN_ABOUT_RETURN_TYPE = YES_ERROR;
				GCC_WARN_UNDECLARED_SELECTOR = YES;
				GCC_WARN_UNINITIALIZED_AUTOS = YES_AGGRESSIVE;
				GCC_WARN_UNUSED_FUNCTION = YES;
				GCC_WARN_UNUSED_VARIABLE = YES;
				IPHONEOS_DEPLOYMENT_TARGET = 16.4;
				MTL_ENABLE_DEBUG_INFO = NO;
				MTL_FAST_MATH = YES;
				SDKROOT = iphoneos;
				SWIFT_COMPILATION_MODE = wholemodule;
				SWIFT_OPTIMIZATION_LEVEL = "-O";
				VALIDATE_PRODUCT = YES;
			};
			name = Release;
		};
		ECDCBF8A2A703FDE005310B3 /* Debug */ = {
			isa = XCBuildConfiguration;
			buildSettings = {
				ASSETCATALOG_COMPILER_APPICON_NAME = AppIcon;
				ASSETCATALOG_COMPILER_GLOBAL_ACCENT_COLOR_NAME = AccentColor;
				CODE_SIGN_STYLE = Automatic;
				CURRENT_PROJECT_VERSION = 1;
				DEVELOPMENT_TEAM = LSMF6XRV9N;
				GENERATE_INFOPLIST_FILE = YES;
				INFOPLIST_FILE = ColorGenerator/Info.plist;
				INFOPLIST_KEY_UIApplicationSupportsIndirectInputEvents = YES;
				INFOPLIST_KEY_UILaunchStoryboardName = LaunchScreen;
				INFOPLIST_KEY_UIMainStoryboardFile = Main;
				INFOPLIST_KEY_UISupportedInterfaceOrientations_iPad = "UIInterfaceOrientationPortrait UIInterfaceOrientationPortraitUpsideDown UIInterfaceOrientationLandscapeLeft UIInterfaceOrientationLandscapeRight";
				INFOPLIST_KEY_UISupportedInterfaceOrientations_iPhone = "UIInterfaceOrientationPortrait UIInterfaceOrientationLandscapeLeft UIInterfaceOrientationLandscapeRight";
				LD_RUNPATH_SEARCH_PATHS = (
					"$(inherited)",
					"@executable_path/Frameworks",
				);
				MARKETING_VERSION = 1.0;
				PRODUCT_BUNDLE_IDENTIFIER = com.practice.ColorGenerator;
				PRODUCT_NAME = "$(TARGET_NAME)";
				SWIFT_EMIT_LOC_STRINGS = YES;
				SWIFT_VERSION = 5.0;
				TARGETED_DEVICE_FAMILY = "1,2";
			};
			name = Debug;
		};
		ECDCBF8B2A703FDE005310B3 /* Release */ = {
			isa = XCBuildConfiguration;
			buildSettings = {
				ASSETCATALOG_COMPILER_APPICON_NAME = AppIcon;
				ASSETCATALOG_COMPILER_GLOBAL_ACCENT_COLOR_NAME = AccentColor;
				CODE_SIGN_STYLE = Automatic;
				CURRENT_PROJECT_VERSION = 1;
				DEVELOPMENT_TEAM = LSMF6XRV9N;
				GENERATE_INFOPLIST_FILE = YES;
				INFOPLIST_FILE = ColorGenerator/Info.plist;
				INFOPLIST_KEY_UIApplicationSupportsIndirectInputEvents = YES;
				INFOPLIST_KEY_UILaunchStoryboardName = LaunchScreen;
				INFOPLIST_KEY_UIMainStoryboardFile = Main;
				INFOPLIST_KEY_UISupportedInterfaceOrientations_iPad = "UIInterfaceOrientationPortrait UIInterfaceOrientationPortraitUpsideDown UIInterfaceOrientationLandscapeLeft UIInterfaceOrientationLandscapeRight";
				INFOPLIST_KEY_UISupportedInterfaceOrientations_iPhone = "UIInterfaceOrientationPortrait UIInterfaceOrientationLandscapeLeft UIInterfaceOrientationLandscapeRight";
				LD_RUNPATH_SEARCH_PATHS = (
					"$(inherited)",
					"@executable_path/Frameworks",
				);
				MARKETING_VERSION = 1.0;
				PRODUCT_BUNDLE_IDENTIFIER = com.practice.ColorGenerator;
				PRODUCT_NAME = "$(TARGET_NAME)";
				SWIFT_EMIT_LOC_STRINGS = YES;
				SWIFT_VERSION = 5.0;
				TARGETED_DEVICE_FAMILY = "1,2";
			};
			name = Release;
		};
/* End XCBuildConfiguration section */

/* Begin XCConfigurationList section */
		ECDCBF702A703FDC005310B3 /* Build configuration list for PBXProject "ColorGenerator" */ = {
			isa = XCConfigurationList;
			buildConfigurations = (
				ECDCBF872A703FDE005310B3 /* Debug */,
				ECDCBF882A703FDE005310B3 /* Release */,
			);
			defaultConfigurationIsVisible = 0;
			defaultConfigurationName = Release;
		};
		ECDCBF892A703FDE005310B3 /* Build configuration list for PBXNativeTarget "ColorGenerator" */ = {
			isa = XCConfigurationList;
			buildConfigurations = (
				ECDCBF8A2A703FDE005310B3 /* Debug */,
				ECDCBF8B2A703FDE005310B3 /* Release */,
			);
			defaultConfigurationIsVisible = 0;
			defaultConfigurationName = Release;
		};
/* End XCConfigurationList section */
	};
	rootObject = ECDCBF6D2A703FDC005310B3 /* Project object */;
}
